{
  "name": "discrete-filter-characterize",
  "version": "1.0.0",
  "lockfileVersion": 1,
  "requires": true,
  "dependencies": {
    "dft-easy": {
      "version": "1.2.0",
      "resolved": "https://registry.npmjs.org/dft-easy/-/dft-easy-1.2.0.tgz",
      "integrity": "sha512-IinryXX9gUExvmtnOdtcp7z+hkzUQAuuJCWlhfiT4h45zWuyUW5gHNfeaJAgv1Y63K9NvH4jNreWHAAIilTfxw==",
      "requires": {
        "taylorwin": "^1.0.1"
      }
    },
    "gnu-plot": {
      "version": "0.2.5",
      "resolved": "https://registry.npmjs.org/gnu-plot/-/gnu-plot-0.2.5.tgz",
      "integrity": "sha512-aep+F80CaTIr9iZub4oaVHfzaak2UEheX/dgyGRZZ5yNb1CoKnlFq8RzpEXv1Q8eKya5B1UOFl5X2B9nNkFlMA==",
      "dev": true
    },
    "taylorwin": {
      "version": "1.0.1",
      "resolved": "https://registry.npmjs.org/taylorwin/-/taylorwin-1.0.1.tgz",
      "integrity": "sha1-4pynpouzJ8haSPDM+zfTps79x+U="
    }
  }
}
